
Microsoft Visual Studio Solution File, Format Version 12.00
# Visual Studio 15
VisualStudioVersion = 15.0.28307.1259
MinimumVisualStudioVersion = 10.0.40219.1
Project("{FAE04EC0-301F-11D3-BF4B-00C04F79EFBC}") = "ViagemWeb", "ViagemWeb\ViagemWeb.csproj", "{7B4F1BF2-19C6-431E-91EA-8E6C938C5D70}"
EndProject
Global
	GlobalSection(SolutionConfigurationPlatforms) = preSolution
		Debug|Any CPU = Debug|Any CPU
		Release|Any CPU = Release|Any CPU
	EndGlobalSection
	GlobalSection(ProjectConfigurationPlatforms) = postSolution
		{7B4F1BF2-19C6-431E-91EA-8E6C938C5D70}.Debug|Any CPU.ActiveCfg = Debug|Any CPU
		{7B4F1BF2-19C6-431E-91EA-8E6C938C5D70}.Debug|Any CPU.Build.0 = Debug|Any CPU
		{7B4F1BF2-19C6-431E-91EA-8E6C938C5D70}.Release|Any CPU.ActiveCfg = Release|Any CPU
		{7B4F1BF2-19C6-431E-91EA-8E6C938C5D70}.Release|Any CPU.Build.0 = Release|Any CPU
	EndGlobalSection
	GlobalSection(SolutionProperties) = preSolution
		HideSolutionNode = FALSE
	EndGlobalSection
	GlobalSection(ExtensibilityGlobals) = postSolution
		SolutionGuid = {31B1A169-8516-4E10-948D-F413A52B1787}
	EndGlobalSection
EndGlobal
